
Microsoft Visual Studio Solution File, Format Version 12.00
# Visual Studio Version 17
VisualStudioVersion = 17.0.31903.59
MinimumVisualStudioVersion = 10.0.40219.1
Project("{2150E333-8FDC-42A3-9474-1A3956D46DE8}") = "src", "src", "{827E0CD3-B72D-47B6-A68D-7590B98EB39B}"
EndProject
Project("{FAE04EC0-301F-11D3-BF4B-00C04F79EFBC}") = "UnitToolkit.Cli", "src\UnitToolkit.Cli\UnitToolkit.Cli.csproj", "{96C632EC-B89F-4910-8B13-7155A318817E}"
EndProject
Project("{FAE04EC0-301F-11D3-BF4B-00C04F79EFBC}") = "UnitToolkit.Core", "src\UnitToolkit.Core\UnitToolkit.Core.csproj", "{60AF8CCE-22D6-4D6F-9E32-C57DBA21E230}"
EndProject
Project("{FAE04EC0-301F-11D3-BF4B-00C04F79EFBC}") = "UnitToolkit.Desktop", "src\UnitToolkit.Desktop\UnitToolkit.Desktop.csproj", "{1C477AA9-DC03-4FBF-AAAE-0A92EFFFC436}"
EndProject
Project("{2150E333-8FDC-42A3-9474-1A3956D46DE8}") = "tests", "tests", "{0AB3BF05-4346-4AA6-1389-037BE0695223}"
EndProject
Project("{FAE04EC0-301F-11D3-BF4B-00C04F79EFBC}") = "UnitToolkit.Tests", "tests\UnitToolkit.Tests\UnitToolkit.Tests.csproj", "{B6195479-4281-4F02-8CCA-4C0053C92EB1}"
EndProject
Global
	GlobalSection(SolutionConfigurationPlatforms) = preSolution
		Debug|Any CPU = Debug|Any CPU
		Debug|x64 = Debug|x64
		Debug|x86 = Debug|x86
		Release|Any CPU = Release|Any CPU
		Release|x64 = Release|x64
		Release|x86 = Release|x86
	EndGlobalSection
	GlobalSection(ProjectConfigurationPlatforms) = postSolution
		{96C632EC-B89F-4910-8B13-7155A318817E}.Debug|Any CPU.ActiveCfg = Debug|Any CPU
		{96C632EC-B89F-4910-8B13-7155A318817E}.Debug|Any CPU.Build.0 = Debug|Any CPU
		{96C632EC-B89F-4910-8B13-7155A318817E}.Debug|x64.ActiveCfg = Debug|Any CPU
		{96C632EC-B89F-4910-8B13-7155A318817E}.Debug|x64.Build.0 = Debug|Any CPU
		{96C632EC-B89F-4910-8B13-7155A318817E}.Debug|x86.ActiveCfg = Debug|Any CPU
		{96C632EC-B89F-4910-8B13-7155A318817E}.Debug|x86.Build.0 = Debug|Any CPU
		{96C632EC-B89F-4910-8B13-7155A318817E}.Release|Any CPU.ActiveCfg = Release|Any CPU
		{96C632EC-B89F-4910-8B13-7155A318817E}.Release|Any CPU.Build.0 = Release|Any CPU
		{96C632EC-B89F-4910-8B13-7155A318817E}.Release|x64.ActiveCfg = Release|Any CPU
		{96C632EC-B89F-4910-8B13-7155A318817E}.Release|x64.Build.0 = Release|Any CPU
		{96C632EC-B89F-4910-8B13-7155A318817E}.Release|x86.ActiveCfg = Release|Any CPU
		{96C632EC-B89F-4910-8B13-7155A318817E}.Release|x86.Build.0 = Release|Any CPU
		{60AF8CCE-22D6-4D6F-9E32-C57DBA21E230}.Debug|Any CPU.ActiveCfg = Debug|Any CPU
		{60AF8CCE-22D6-4D6F-9E32-C57DBA21E230}.Debug|Any CPU.Build.0 = Debug|Any CPU
		{60AF8CCE-22D6-4D6F-9E32-C57DBA21E230}.Debug|x64.ActiveCfg = Debug|Any CPU
		{60AF8CCE-22D6-4D6F-9E32-C57DBA21E230}.Debug|x64.Build.0 = Debug|Any CPU
		{60AF8CCE-22D6-4D6F-9E32-C57DBA21E230}.Debug|x86.ActiveCfg = Debug|Any CPU
		{60AF8CCE-22D6-4D6F-9E32-C57DBA21E230}.Debug|x86.Build.0 = Debug|Any CPU
		{60AF8CCE-22D6-4D6F-9E32-C57DBA21E230}.Release|Any CPU.ActiveCfg = Release|Any CPU
		{60AF8CCE-22D6-4D6F-9E32-C57DBA21E230}.Release|Any CPU.Build.0 = Release|Any CPU
		{60AF8CCE-22D6-4D6F-9E32-C57DBA21E230}.Release|x64.ActiveCfg = Release|Any CPU
		{60AF8CCE-22D6-4D6F-9E32-C57DBA21E230}.Release|x64.Build.0 = Release|Any CPU
		{60AF8CCE-22D6-4D6F-9E32-C57DBA21E230}.Release|x86.ActiveCfg = Release|Any CPU
		{60AF8CCE-22D6-4D6F-9E32-C57DBA21E230}.Release|x86.Build.0 = Release|Any CPU
		{1C477AA9-DC03-4FBF-AAAE-0A92EFFFC436}.Debug|Any CPU.ActiveCfg = Debug|Any CPU
		{1C477AA9-DC03-4FBF-AAAE-0A92EFFFC436}.Debug|Any CPU.Build.0 = Debug|Any CPU
		{1C477AA9-DC03-4FBF-AAAE-0A92EFFFC436}.Debug|x64.ActiveCfg = Debug|Any CPU
		{1C477AA9-DC03-4FBF-AAAE-0A92EFFFC436}.Debug|x64.Build.0 = Debug|Any CPU
		{1C477AA9-DC03-4FBF-AAAE-0A92EFFFC436}.Debug|x86.ActiveCfg = Debug|Any CPU
		{1C477AA9-DC03-4FBF-AAAE-0A92EFFFC436}.Debug|x86.Build.0 = Debug|Any CPU
		{1C477AA9-DC03-4FBF-AAAE-0A92EFFFC436}.Release|Any CPU.ActiveCfg = Release|Any CPU
		{1C477AA9-DC03-4FBF-AAAE-0A92EFFFC436}.Release|Any CPU.Build.0 = Release|Any CPU
		{1C477AA9-DC03-4FBF-AAAE-0A92EFFFC436}.Release|x64.ActiveCfg = Release|Any CPU
		{1C477AA9-DC03-4FBF-AAAE-0A92EFFFC436}.Release|x64.Build.0 = Release|Any CPU
		{1C477AA9-DC03-4FBF-AAAE-0A92EFFFC436}.Release|x86.ActiveCfg = Release|Any CPU
		{1C477AA9-DC03-4FBF-AAAE-0A92EFFFC436}.Release|x86.Build.0 = Release|Any CPU
		{B6195479-4281-4F02-8CCA-4C0053C92EB1}.Debug|Any CPU.ActiveCfg = Debug|Any CPU
		{B6195479-4281-4F02-8CCA-4C0053C92EB1}.Debug|Any CPU.Build.0 = Debug|Any CPU
		{B6195479-4281-4F02-8CCA-4C0053C92EB1}.Debug|x64.ActiveCfg = Debug|Any CPU
		{B6195479-4281-4F02-8CCA-4C0053C92EB1}.Debug|x64.Build.0 = Debug|Any CPU
		{B6195479-4281-4F02-8CCA-4C0053C92EB1}.Debug|x86.ActiveCfg = Debug|Any CPU
		{B6195479-4281-4F02-8CCA-4C0053C92EB1}.Debug|x86.Build.0 = Debug|Any CPU
		{B6195479-4281-4F02-8CCA-4C0053C92EB1}.Release|Any CPU.ActiveCfg = Release|Any CPU
		{B6195479-4281-4F02-8CCA-4C0053C92EB1}.Release|Any CPU.Build.0 = Release|Any CPU
		{B6195479-4281-4F02-8CCA-4C0053C92EB1}.Release|x64.ActiveCfg = Release|Any CPU
		{B6195479-4281-4F02-8CCA-4C0053C92EB1}.Release|x64.Build.0 = Release|Any CPU
		{B6195479-4281-4F02-8CCA-4C0053C92EB1}.Release|x86.ActiveCfg = Release|Any CPU
		{B6195479-4281-4F02-8CCA-4C0053C92EB1}.Release|x86.Build.0 = Release|Any CPU
	EndGlobalSection
	GlobalSection(SolutionProperties) = preSolution
		HideSolutionNode = FALSE
	EndGlobalSection
	GlobalSection(NestedProjects) = preSolution
		{96C632EC-B89F-4910-8B13-7155A318817E} = {827E0CD3-B72D-47B6-A68D-7590B98EB39B}
		{60AF8CCE-22D6-4D6F-9E32-C57DBA21E230} = {827E0CD3-B72D-47B6-A68D-7590B98EB39B}
		{1C477AA9-DC03-4FBF-AAAE-0A92EFFFC436} = {827E0CD3-B72D-47B6-A68D-7590B98EB39B}
		{B6195479-4281-4F02-8CCA-4C0053C92EB1} = {0AB3BF05-4346-4AA6-1389-037BE0695223}
	EndGlobalSection
EndGlobal
